FORGE
  remote: http://forge.puppetlabs.com
  specs:
    puppetlabs/apt (1.2.0)
      puppetlabs/stdlib (>= 2.2.1)
    puppetlabs/firewall (0.4.1)
    puppetlabs/postgresql (2.4.1)
      puppetlabs/apt (< 2.0.0, >= 1.1.0)
      puppetlabs/firewall (>= 0.0.4)
      puppetlabs/stdlib (< 5.0.0, >= 3.2.0)
      ripienaar/concat (>= 0.2.0)
    puppetlabs/stdlib (4.1.0)
    ripienaar/concat (0.2.0)

GIT
  remote: https://github.com/AndrewLorente/puppetlabs-nginx.git
  ref: master
  sha: f6bb70ef513ad5222086941a7eb9650982c47fae
  specs:
    puppetlabs/nginx (0.0.1)
      puppetlabs/stdlib (>= 0.1.6)

DEPENDENCIES
  puppetlabs/nginx (>= 0)
  puppetlabs/postgresql (>= 0)

