FORGE
  remote: http://forge.puppetlabs.com
  specs:
    maestrodev/rvm (1.1.8)
      puppetlabs/stdlib (>= 3.2.0)
    puppetlabs/apt (1.2.0)
      puppetlabs/stdlib (>= 2.2.1)
    puppetlabs/firewall (0.4.1)
    puppetlabs/postgresql (2.4.1)
      puppetlabs/apt (< 2.0.0, >= 1.1.0)
      puppetlabs/firewall (>= 0.0.4)
      puppetlabs/stdlib (< 5.0.0, >= 3.2.0)
      ripienaar/concat (>= 0.2.0)
    puppetlabs/stdlib (4.1.0)
    ripienaar/concat (0.2.0)

GIT
  remote: https://github.com/dhutty/puppet-nginx.git
  ref: master
  sha: 595473ae4566b43f0756ec84e32fd4301fe46125
  specs:
    dhutty/nginx (0.0.2)

DEPENDENCIES
  dhutty/nginx (>= 0)
  maestrodev/rvm (>= 0)
  puppetlabs/postgresql (>= 0)

